
Microsoft Visual Studio Solution File, Format Version 12.00
# Visual Studio Version 17
VisualStudioVersion = 17.4.33213.308
MinimumVisualStudioVersion = 10.0.40219.1
Project("{FAE04EC0-301F-11D3-BF4B-00C04F79EFBC}") = "CascadeDesktop", "CascadeDesktop\CascadeDesktop.csproj", "{6D5B069B-0FF2-419F-AE45-EA31ABD41DDA}"
EndProject
Project("{FAE04EC0-301F-11D3-BF4B-00C04F79EFBC}") = "CSPLib", "CSPLib\CSPLib.csproj", "{0A90146F-3390-4E0E-B192-155FD7B8323A}"
EndProject
Project("{FAE04EC0-301F-11D3-BF4B-00C04F79EFBC}") = "clipperLib", "clipper\clipperLib.csproj", "{9B062971-A88E-4A3D-B3C9-12B78D15FA66}"
EndProject
Project("{FAE04EC0-301F-11D3-BF4B-00C04F79EFBC}") = "Triangle", "Triangle\Triangle.csproj", "{5A12C4A1-BC07-4F18-82B5-B08E150025DF}"
EndProject
Project("{FAE04EC0-301F-11D3-BF4B-00C04F79EFBC}") = "OCCTProxy.Common", "OCCTProxy\OCCTProxy.Common\OCCTProxy.Common.csproj", "{2DD871B8-DDD0-2722-923F-C903B332F3CC}"
EndProject
Project("{FAE04EC0-301F-11D3-BF4B-00C04F79EFBC}") = "OCCTProxy.Interfaces", "OCCTProxy\OCCTProxy.Interfaces\OCCTProxy.Interfaces.csproj", "{90B8D0D0-EC64-B47C-7943-A3D41D6112F6}"
EndProject
Project("{8BC9CEB8-8B4A-11D0-8D11-00A0C91BC942}") = "OCCTProxy", "OCCTProxy\OCCTProxy\OCCTProxy.vcxproj", "{969912D9-78E7-4AB8-B4FF-6B52B4F03991}"
EndProject
Global
	GlobalSection(SolutionConfigurationPlatforms) = preSolution
		Debug|Any CPU = Debug|Any CPU
		Debug|x64 = Debug|x64
		Debug|x86 = Debug|x86
		Release|Any CPU = Release|Any CPU
		Release|x64 = Release|x64
		Release|x86 = Release|x86
	EndGlobalSection
	GlobalSection(ProjectConfigurationPlatforms) = postSolution
		{6D5B069B-0FF2-419F-AE45-EA31ABD41DDA}.Debug|Any CPU.ActiveCfg = Debug|Any CPU
		{6D5B069B-0FF2-419F-AE45-EA31ABD41DDA}.Debug|Any CPU.Build.0 = Debug|Any CPU
		{6D5B069B-0FF2-419F-AE45-EA31ABD41DDA}.Debug|x64.ActiveCfg = Debug|Any CPU
		{6D5B069B-0FF2-419F-AE45-EA31ABD41DDA}.Debug|x64.Build.0 = Debug|Any CPU
		{6D5B069B-0FF2-419F-AE45-EA31ABD41DDA}.Debug|x86.ActiveCfg = Debug|Any CPU
		{6D5B069B-0FF2-419F-AE45-EA31ABD41DDA}.Debug|x86.Build.0 = Debug|Any CPU
		{6D5B069B-0FF2-419F-AE45-EA31ABD41DDA}.Release|Any CPU.ActiveCfg = Release|Any CPU
		{6D5B069B-0FF2-419F-AE45-EA31ABD41DDA}.Release|Any CPU.Build.0 = Release|Any CPU
		{6D5B069B-0FF2-419F-AE45-EA31ABD41DDA}.Release|x64.ActiveCfg = Release|Any CPU
		{6D5B069B-0FF2-419F-AE45-EA31ABD41DDA}.Release|x64.Build.0 = Release|Any CPU
		{6D5B069B-0FF2-419F-AE45-EA31ABD41DDA}.Release|x86.ActiveCfg = Release|Any CPU
		{6D5B069B-0FF2-419F-AE45-EA31ABD41DDA}.Release|x86.Build.0 = Release|Any CPU
		{0A90146F-3390-4E0E-B192-155FD7B8323A}.Debug|Any CPU.ActiveCfg = Debug|Any CPU
		{0A90146F-3390-4E0E-B192-155FD7B8323A}.Debug|Any CPU.Build.0 = Debug|Any CPU
		{0A90146F-3390-4E0E-B192-155FD7B8323A}.Debug|x64.ActiveCfg = Debug|Any CPU
		{0A90146F-3390-4E0E-B192-155FD7B8323A}.Debug|x64.Build.0 = Debug|Any CPU
		{0A90146F-3390-4E0E-B192-155FD7B8323A}.Debug|x86.ActiveCfg = Debug|Any CPU
		{0A90146F-3390-4E0E-B192-155FD7B8323A}.Debug|x86.Build.0 = Debug|Any CPU
		{0A90146F-3390-4E0E-B192-155FD7B8323A}.Release|Any CPU.ActiveCfg = Release|Any CPU
		{0A90146F-3390-4E0E-B192-155FD7B8323A}.Release|Any CPU.Build.0 = Release|Any CPU
		{0A90146F-3390-4E0E-B192-155FD7B8323A}.Release|x64.ActiveCfg = Release|Any CPU
		{0A90146F-3390-4E0E-B192-155FD7B8323A}.Release|x64.Build.0 = Release|Any CPU
		{0A90146F-3390-4E0E-B192-155FD7B8323A}.Release|x86.ActiveCfg = Release|Any CPU
		{0A90146F-3390-4E0E-B192-155FD7B8323A}.Release|x86.Build.0 = Release|Any CPU
		{9B062971-A88E-4A3D-B3C9-12B78D15FA66}.Debug|Any CPU.ActiveCfg = Debug|Any CPU
		{9B062971-A88E-4A3D-B3C9-12B78D15FA66}.Debug|Any CPU.Build.0 = Debug|Any CPU
		{9B062971-A88E-4A3D-B3C9-12B78D15FA66}.Debug|x64.ActiveCfg = Debug|Any CPU
		{9B062971-A88E-4A3D-B3C9-12B78D15FA66}.Debug|x64.Build.0 = Debug|Any CPU
		{9B062971-A88E-4A3D-B3C9-12B78D15FA66}.Debug|x86.ActiveCfg = Debug|Any CPU
		{9B062971-A88E-4A3D-B3C9-12B78D15FA66}.Debug|x86.Build.0 = Debug|Any CPU
		{9B062971-A88E-4A3D-B3C9-12B78D15FA66}.Release|Any CPU.ActiveCfg = Release|Any CPU
		{9B062971-A88E-4A3D-B3C9-12B78D15FA66}.Release|Any CPU.Build.0 = Release|Any CPU
		{9B062971-A88E-4A3D-B3C9-12B78D15FA66}.Release|x64.ActiveCfg = Release|Any CPU
		{9B062971-A88E-4A3D-B3C9-12B78D15FA66}.Release|x64.Build.0 = Release|Any CPU
		{9B062971-A88E-4A3D-B3C9-12B78D15FA66}.Release|x86.ActiveCfg = Release|Any CPU
		{9B062971-A88E-4A3D-B3C9-12B78D15FA66}.Release|x86.Build.0 = Release|Any CPU
		{5A12C4A1-BC07-4F18-82B5-B08E150025DF}.Debug|Any CPU.ActiveCfg = Debug|Any CPU
		{5A12C4A1-BC07-4F18-82B5-B08E150025DF}.Debug|Any CPU.Build.0 = Debug|Any CPU
		{5A12C4A1-BC07-4F18-82B5-B08E150025DF}.Debug|x64.ActiveCfg = Debug|Any CPU
		{5A12C4A1-BC07-4F18-82B5-B08E150025DF}.Debug|x64.Build.0 = Debug|Any CPU
		{5A12C4A1-BC07-4F18-82B5-B08E150025DF}.Debug|x86.ActiveCfg = Debug|Any CPU
		{5A12C4A1-BC07-4F18-82B5-B08E150025DF}.Debug|x86.Build.0 = Debug|Any CPU
		{5A12C4A1-BC07-4F18-82B5-B08E150025DF}.Release|Any CPU.ActiveCfg = Release|Any CPU
		{5A12C4A1-BC07-4F18-82B5-B08E150025DF}.Release|Any CPU.Build.0 = Release|Any CPU
		{5A12C4A1-BC07-4F18-82B5-B08E150025DF}.Release|x64.ActiveCfg = Release|Any CPU
		{5A12C4A1-BC07-4F18-82B5-B08E150025DF}.Release|x64.Build.0 = Release|Any CPU
		{5A12C4A1-BC07-4F18-82B5-B08E150025DF}.Release|x86.ActiveCfg = Release|Any CPU
		{5A12C4A1-BC07-4F18-82B5-B08E150025DF}.Release|x86.Build.0 = Release|Any CPU
		{2DD871B8-DDD0-2722-923F-C903B332F3CC}.Debug|Any CPU.ActiveCfg = Debug|Any CPU
		{2DD871B8-DDD0-2722-923F-C903B332F3CC}.Debug|Any CPU.Build.0 = Debug|Any CPU
		{2DD871B8-DDD0-2722-923F-C903B332F3CC}.Debug|x64.ActiveCfg = Debug|Any CPU
		{2DD871B8-DDD0-2722-923F-C903B332F3CC}.Debug|x64.Build.0 = Debug|Any CPU
		{2DD871B8-DDD0-2722-923F-C903B332F3CC}.Debug|x86.ActiveCfg = Debug|Any CPU
		{2DD871B8-DDD0-2722-923F-C903B332F3CC}.Debug|x86.Build.0 = Debug|Any CPU
		{2DD871B8-DDD0-2722-923F-C903B332F3CC}.Release|Any CPU.ActiveCfg = Release|Any CPU
		{2DD871B8-DDD0-2722-923F-C903B332F3CC}.Release|Any CPU.Build.0 = Release|Any CPU
		{2DD871B8-DDD0-2722-923F-C903B332F3CC}.Release|x64.ActiveCfg = Release|Any CPU
		{2DD871B8-DDD0-2722-923F-C903B332F3CC}.Release|x64.Build.0 = Release|Any CPU
		{2DD871B8-DDD0-2722-923F-C903B332F3CC}.Release|x86.ActiveCfg = Release|Any CPU
		{2DD871B8-DDD0-2722-923F-C903B332F3CC}.Release|x86.Build.0 = Release|Any CPU
		{90B8D0D0-EC64-B47C-7943-A3D41D6112F6}.Debug|Any CPU.ActiveCfg = Debug|Any CPU
		{90B8D0D0-EC64-B47C-7943-A3D41D6112F6}.Debug|Any CPU.Build.0 = Debug|Any CPU
		{90B8D0D0-EC64-B47C-7943-A3D41D6112F6}.Debug|x64.ActiveCfg = Debug|Any CPU
		{90B8D0D0-EC64-B47C-7943-A3D41D6112F6}.Debug|x64.Build.0 = Debug|Any CPU
		{90B8D0D0-EC64-B47C-7943-A3D41D6112F6}.Debug|x86.ActiveCfg = Debug|Any CPU
		{90B8D0D0-EC64-B47C-7943-A3D41D6112F6}.Debug|x86.Build.0 = Debug|Any CPU
		{90B8D0D0-EC64-B47C-7943-A3D41D6112F6}.Release|Any CPU.ActiveCfg = Release|Any CPU
		{90B8D0D0-EC64-B47C-7943-A3D41D6112F6}.Release|Any CPU.Build.0 = Release|Any CPU
		{90B8D0D0-EC64-B47C-7943-A3D41D6112F6}.Release|x64.ActiveCfg = Release|Any CPU
		{90B8D0D0-EC64-B47C-7943-A3D41D6112F6}.Release|x64.Build.0 = Release|Any CPU
		{90B8D0D0-EC64-B47C-7943-A3D41D6112F6}.Release|x86.ActiveCfg = Release|Any CPU
		{90B8D0D0-EC64-B47C-7943-A3D41D6112F6}.Release|x86.Build.0 = Release|Any CPU
		{969912D9-78E7-4AB8-B4FF-6B52B4F03991}.Debug|Any CPU.ActiveCfg = Debug|x64
		{969912D9-78E7-4AB8-B4FF-6B52B4F03991}.Debug|Any CPU.Build.0 = Debug|x64
		{969912D9-78E7-4AB8-B4FF-6B52B4F03991}.Debug|x64.ActiveCfg = Debug|x64
		{969912D9-78E7-4AB8-B4FF-6B52B4F03991}.Debug|x64.Build.0 = Debug|x64
		{969912D9-78E7-4AB8-B4FF-6B52B4F03991}.Debug|x86.ActiveCfg = Debug|Win32
		{969912D9-78E7-4AB8-B4FF-6B52B4F03991}.Debug|x86.Build.0 = Debug|Win32
		{969912D9-78E7-4AB8-B4FF-6B52B4F03991}.Release|Any CPU.ActiveCfg = Release|x64
		{969912D9-78E7-4AB8-B4FF-6B52B4F03991}.Release|Any CPU.Build.0 = Release|x64
		{969912D9-78E7-4AB8-B4FF-6B52B4F03991}.Release|x64.ActiveCfg = Release|x64
		{969912D9-78E7-4AB8-B4FF-6B52B4F03991}.Release|x64.Build.0 = Release|x64
		{969912D9-78E7-4AB8-B4FF-6B52B4F03991}.Release|x86.ActiveCfg = Release|Win32
		{969912D9-78E7-4AB8-B4FF-6B52B4F03991}.Release|x86.Build.0 = Release|Win32
	EndGlobalSection
	GlobalSection(SolutionProperties) = preSolution
		HideSolutionNode = FALSE
	EndGlobalSection
	GlobalSection(ExtensibilityGlobals) = postSolution
		SolutionGuid = {0EFEE87A-DD96-4755-98EA-58CBC633AA13}
	EndGlobalSection
EndGlobal
