
Microsoft Visual Studio Solution File, Format Version 12.00
# Visual Studio Version 17
VisualStudioVersion = 17.4.33213.308
MinimumVisualStudioVersion = 10.0.40219.1
Project("{FAE04EC0-301F-11D3-BF4B-00C04F79EFBC}") = "CascadeDesktop", "CascadeDesktop\CascadeDesktop.csproj", "{6D5B069B-0FF2-419F-AE45-EA31ABD41DDA}"
EndProject
Project("{8BC9CEB8-8B4A-11D0-8D11-00A0C91BC942}") = "OCCTProxy", "OCCTProxy\OCCTProxy.vcxproj", "{969912D9-78E7-4AB8-B4FF-6B52B4F03991}"
EndProject
Project("{FAE04EC0-301F-11D3-BF4B-00C04F79EFBC}") = "Cascade.Common", "Cascade.Common\Cascade.Common.csproj", "{95890BA4-C636-4145-AC66-8EFDB6F3D977}"
EndProject
Global
	GlobalSection(SolutionConfigurationPlatforms) = preSolution
		Debug|Any CPU = Debug|Any CPU
		Debug|x64 = Debug|x64
		Debug|x86 = Debug|x86
		Release|Any CPU = Release|Any CPU
		Release|x64 = Release|x64
		Release|x86 = Release|x86
	EndGlobalSection
	GlobalSection(ProjectConfigurationPlatforms) = postSolution
		{6D5B069B-0FF2-419F-AE45-EA31ABD41DDA}.Debug|Any CPU.ActiveCfg = Debug|Any CPU
		{6D5B069B-0FF2-419F-AE45-EA31ABD41DDA}.Debug|Any CPU.Build.0 = Debug|Any CPU
		{6D5B069B-0FF2-419F-AE45-EA31ABD41DDA}.Debug|x64.ActiveCfg = Debug|Any CPU
		{6D5B069B-0FF2-419F-AE45-EA31ABD41DDA}.Debug|x64.Build.0 = Debug|Any CPU
		{6D5B069B-0FF2-419F-AE45-EA31ABD41DDA}.Debug|x86.ActiveCfg = Debug|Any CPU
		{6D5B069B-0FF2-419F-AE45-EA31ABD41DDA}.Debug|x86.Build.0 = Debug|Any CPU
		{6D5B069B-0FF2-419F-AE45-EA31ABD41DDA}.Release|Any CPU.ActiveCfg = Release|Any CPU
		{6D5B069B-0FF2-419F-AE45-EA31ABD41DDA}.Release|Any CPU.Build.0 = Release|Any CPU
		{6D5B069B-0FF2-419F-AE45-EA31ABD41DDA}.Release|x64.ActiveCfg = Release|Any CPU
		{6D5B069B-0FF2-419F-AE45-EA31ABD41DDA}.Release|x64.Build.0 = Release|Any CPU
		{6D5B069B-0FF2-419F-AE45-EA31ABD41DDA}.Release|x86.ActiveCfg = Release|Any CPU
		{6D5B069B-0FF2-419F-AE45-EA31ABD41DDA}.Release|x86.Build.0 = Release|Any CPU
		{969912D9-78E7-4AB8-B4FF-6B52B4F03991}.Debug|Any CPU.ActiveCfg = Debug|x64
		{969912D9-78E7-4AB8-B4FF-6B52B4F03991}.Debug|Any CPU.Build.0 = Debug|x64
		{969912D9-78E7-4AB8-B4FF-6B52B4F03991}.Debug|x64.ActiveCfg = Debug|x64
		{969912D9-78E7-4AB8-B4FF-6B52B4F03991}.Debug|x64.Build.0 = Debug|x64
		{969912D9-78E7-4AB8-B4FF-6B52B4F03991}.Debug|x86.ActiveCfg = Debug|Win32
		{969912D9-78E7-4AB8-B4FF-6B52B4F03991}.Debug|x86.Build.0 = Debug|Win32
		{969912D9-78E7-4AB8-B4FF-6B52B4F03991}.Release|Any CPU.ActiveCfg = Release|x64
		{969912D9-78E7-4AB8-B4FF-6B52B4F03991}.Release|Any CPU.Build.0 = Release|x64
		{969912D9-78E7-4AB8-B4FF-6B52B4F03991}.Release|x64.ActiveCfg = Release|x64
		{969912D9-78E7-4AB8-B4FF-6B52B4F03991}.Release|x64.Build.0 = Release|x64
		{969912D9-78E7-4AB8-B4FF-6B52B4F03991}.Release|x86.ActiveCfg = Release|Win32
		{969912D9-78E7-4AB8-B4FF-6B52B4F03991}.Release|x86.Build.0 = Release|Win32
		{95890BA4-C636-4145-AC66-8EFDB6F3D977}.Debug|Any CPU.ActiveCfg = Debug|Any CPU
		{95890BA4-C636-4145-AC66-8EFDB6F3D977}.Debug|Any CPU.Build.0 = Debug|Any CPU
		{95890BA4-C636-4145-AC66-8EFDB6F3D977}.Debug|x64.ActiveCfg = Debug|Any CPU
		{95890BA4-C636-4145-AC66-8EFDB6F3D977}.Debug|x64.Build.0 = Debug|Any CPU
		{95890BA4-C636-4145-AC66-8EFDB6F3D977}.Debug|x86.ActiveCfg = Debug|Any CPU
		{95890BA4-C636-4145-AC66-8EFDB6F3D977}.Debug|x86.Build.0 = Debug|Any CPU
		{95890BA4-C636-4145-AC66-8EFDB6F3D977}.Release|Any CPU.ActiveCfg = Release|Any CPU
		{95890BA4-C636-4145-AC66-8EFDB6F3D977}.Release|Any CPU.Build.0 = Release|Any CPU
		{95890BA4-C636-4145-AC66-8EFDB6F3D977}.Release|x64.ActiveCfg = Release|Any CPU
		{95890BA4-C636-4145-AC66-8EFDB6F3D977}.Release|x64.Build.0 = Release|Any CPU
		{95890BA4-C636-4145-AC66-8EFDB6F3D977}.Release|x86.ActiveCfg = Release|Any CPU
		{95890BA4-C636-4145-AC66-8EFDB6F3D977}.Release|x86.Build.0 = Release|Any CPU
	EndGlobalSection
	GlobalSection(SolutionProperties) = preSolution
		HideSolutionNode = FALSE
	EndGlobalSection
	GlobalSection(ExtensibilityGlobals) = postSolution
		SolutionGuid = {0EFEE87A-DD96-4755-98EA-58CBC633AA13}
	EndGlobalSection
EndGlobal
